
Microsoft Visual Studio Solution File, Format Version 12.00
# Visual Studio Version 17
VisualStudioVersion = 17.0.31903.59
MinimumVisualStudioVersion = 10.0.40219.1
Project("{2150E333-8FDC-42A3-9474-1A3956D46DE8}") = "src", "src", "{827E0CD3-B72D-47B6-A68D-7590B98EB39B}"
EndProject
Project("{FAE04EC0-301F-11D3-BF4B-00C04F79EFBC}") = "AnvilLOD.App", "src\AnvilLOD.App\AnvilLOD.App.csproj", "{C92B2565-E50B-463F-A97B-20FB8E12E674}"
EndProject
Project("{FAE04EC0-301F-11D3-BF4B-00C04F79EFBC}") = "AnvilLOD.Core", "src\AnvilLOD.Core\AnvilLOD.Core.csproj", "{9581A974-3264-45BC-B1DA-6DFD24F0A738}"
EndProject
Project("{FAE04EC0-301F-11D3-BF4B-00C04F79EFBC}") = "AnvilLOD.Plugins", "src\AnvilLOD.Plugins\AnvilLOD.Plugins.csproj", "{E3F54534-BB07-4CCD-BF31-37541B755A19}"
EndProject
Project("{FAE04EC0-301F-11D3-BF4B-00C04F79EFBC}") = "AnvilLOD.Cli", "src\AnvilLOD.Cli\AnvilLOD.Cli.csproj", "{67FE0640-3AB2-4281-A411-9D81611D8E0E}"
EndProject
Project("{FAE04EC0-301F-11D3-BF4B-00C04F79EFBC}") = "AnvilLOD.Meshes", "src\AnvilLOD.Meshes\AnvilLOD.Meshes.csproj", "{15DEBC3D-83D9-4565-A5BE-0DF9DC8F71FB}"
EndProject
Project("{FAE04EC0-301F-11D3-BF4B-00C04F79EFBC}") = "AnvilLOD.Textures", "src\AnvilLOD.Textures\AnvilLOD.Textures.csproj", "{468161AA-4146-429E-AFF4-811F616ADC49}"
EndProject
Project("{2150E333-8FDC-42A3-9474-1A3956D46DE8}") = "tests", "tests", "{0AB3BF05-4346-4AA6-1389-037BE0695223}"
EndProject
Project("{FAE04EC0-301F-11D3-BF4B-00C04F79EFBC}") = "AnvilLOD.Core.Tests", "tests\AnvilLOD.Core.Tests\AnvilLOD.Core.Tests.csproj", "{71B7304D-E60B-4F1C-8EE0-356819EA11EC}"
EndProject
Global
	GlobalSection(SolutionConfigurationPlatforms) = preSolution
		Debug|Any CPU = Debug|Any CPU
		Debug|x64 = Debug|x64
		Debug|x86 = Debug|x86
		Release|Any CPU = Release|Any CPU
		Release|x64 = Release|x64
		Release|x86 = Release|x86
	EndGlobalSection
	GlobalSection(ProjectConfigurationPlatforms) = postSolution
		{C92B2565-E50B-463F-A97B-20FB8E12E674}.Debug|Any CPU.ActiveCfg = Debug|x64
		{C92B2565-E50B-463F-A97B-20FB8E12E674}.Debug|Any CPU.Build.0 = Debug|x64
		{C92B2565-E50B-463F-A97B-20FB8E12E674}.Debug|x64.ActiveCfg = Debug|x64
		{C92B2565-E50B-463F-A97B-20FB8E12E674}.Debug|x64.Build.0 = Debug|x64
		{C92B2565-E50B-463F-A97B-20FB8E12E674}.Debug|x86.ActiveCfg = Debug|x64
		{C92B2565-E50B-463F-A97B-20FB8E12E674}.Debug|x86.Build.0 = Debug|x64
		{C92B2565-E50B-463F-A97B-20FB8E12E674}.Release|Any CPU.ActiveCfg = Release|x64
		{C92B2565-E50B-463F-A97B-20FB8E12E674}.Release|Any CPU.Build.0 = Release|x64
		{C92B2565-E50B-463F-A97B-20FB8E12E674}.Release|x64.ActiveCfg = Release|x64
		{C92B2565-E50B-463F-A97B-20FB8E12E674}.Release|x64.Build.0 = Release|x64
		{C92B2565-E50B-463F-A97B-20FB8E12E674}.Release|x86.ActiveCfg = Release|x64
		{C92B2565-E50B-463F-A97B-20FB8E12E674}.Release|x86.Build.0 = Release|x64
		{9581A974-3264-45BC-B1DA-6DFD24F0A738}.Debug|Any CPU.ActiveCfg = Debug|x64
		{9581A974-3264-45BC-B1DA-6DFD24F0A738}.Debug|Any CPU.Build.0 = Debug|x64
		{9581A974-3264-45BC-B1DA-6DFD24F0A738}.Debug|x64.ActiveCfg = Debug|x64
		{9581A974-3264-45BC-B1DA-6DFD24F0A738}.Debug|x64.Build.0 = Debug|x64
		{9581A974-3264-45BC-B1DA-6DFD24F0A738}.Debug|x86.ActiveCfg = Debug|x64
		{9581A974-3264-45BC-B1DA-6DFD24F0A738}.Debug|x86.Build.0 = Debug|x64
		{9581A974-3264-45BC-B1DA-6DFD24F0A738}.Release|Any CPU.ActiveCfg = Release|x64
		{9581A974-3264-45BC-B1DA-6DFD24F0A738}.Release|Any CPU.Build.0 = Release|x64
		{9581A974-3264-45BC-B1DA-6DFD24F0A738}.Release|x64.ActiveCfg = Release|x64
		{9581A974-3264-45BC-B1DA-6DFD24F0A738}.Release|x64.Build.0 = Release|x64
		{9581A974-3264-45BC-B1DA-6DFD24F0A738}.Release|x86.ActiveCfg = Release|x64
		{9581A974-3264-45BC-B1DA-6DFD24F0A738}.Release|x86.Build.0 = Release|x64
		{E3F54534-BB07-4CCD-BF31-37541B755A19}.Debug|Any CPU.ActiveCfg = Debug|x64
		{E3F54534-BB07-4CCD-BF31-37541B755A19}.Debug|Any CPU.Build.0 = Debug|x64
		{E3F54534-BB07-4CCD-BF31-37541B755A19}.Debug|x64.ActiveCfg = Debug|x64
		{E3F54534-BB07-4CCD-BF31-37541B755A19}.Debug|x64.Build.0 = Debug|x64
		{E3F54534-BB07-4CCD-BF31-37541B755A19}.Debug|x86.ActiveCfg = Debug|x64
		{E3F54534-BB07-4CCD-BF31-37541B755A19}.Debug|x86.Build.0 = Debug|x64
		{E3F54534-BB07-4CCD-BF31-37541B755A19}.Release|Any CPU.ActiveCfg = Release|x64
		{E3F54534-BB07-4CCD-BF31-37541B755A19}.Release|Any CPU.Build.0 = Release|x64
		{E3F54534-BB07-4CCD-BF31-37541B755A19}.Release|x64.ActiveCfg = Release|x64
		{E3F54534-BB07-4CCD-BF31-37541B755A19}.Release|x64.Build.0 = Release|x64
		{E3F54534-BB07-4CCD-BF31-37541B755A19}.Release|x86.ActiveCfg = Release|x64
		{E3F54534-BB07-4CCD-BF31-37541B755A19}.Release|x86.Build.0 = Release|x64
		{67FE0640-3AB2-4281-A411-9D81611D8E0E}.Debug|Any CPU.ActiveCfg = Debug|x64
		{67FE0640-3AB2-4281-A411-9D81611D8E0E}.Debug|Any CPU.Build.0 = Debug|x64
		{67FE0640-3AB2-4281-A411-9D81611D8E0E}.Debug|x64.ActiveCfg = Debug|x64
		{67FE0640-3AB2-4281-A411-9D81611D8E0E}.Debug|x64.Build.0 = Debug|x64
		{67FE0640-3AB2-4281-A411-9D81611D8E0E}.Debug|x86.ActiveCfg = Debug|x64
		{67FE0640-3AB2-4281-A411-9D81611D8E0E}.Debug|x86.Build.0 = Debug|x64
		{67FE0640-3AB2-4281-A411-9D81611D8E0E}.Release|Any CPU.ActiveCfg = Release|x64
		{67FE0640-3AB2-4281-A411-9D81611D8E0E}.Release|Any CPU.Build.0 = Release|x64
		{67FE0640-3AB2-4281-A411-9D81611D8E0E}.Release|x64.ActiveCfg = Release|x64
		{67FE0640-3AB2-4281-A411-9D81611D8E0E}.Release|x64.Build.0 = Release|x64
		{67FE0640-3AB2-4281-A411-9D81611D8E0E}.Release|x86.ActiveCfg = Release|x64
		{67FE0640-3AB2-4281-A411-9D81611D8E0E}.Release|x86.Build.0 = Release|x64
		{15DEBC3D-83D9-4565-A5BE-0DF9DC8F71FB}.Debug|Any CPU.ActiveCfg = Debug|x64
		{15DEBC3D-83D9-4565-A5BE-0DF9DC8F71FB}.Debug|Any CPU.Build.0 = Debug|x64
		{15DEBC3D-83D9-4565-A5BE-0DF9DC8F71FB}.Debug|x64.ActiveCfg = Debug|x64
		{15DEBC3D-83D9-4565-A5BE-0DF9DC8F71FB}.Debug|x64.Build.0 = Debug|x64
		{15DEBC3D-83D9-4565-A5BE-0DF9DC8F71FB}.Debug|x86.ActiveCfg = Debug|x64
		{15DEBC3D-83D9-4565-A5BE-0DF9DC8F71FB}.Debug|x86.Build.0 = Debug|x64
		{15DEBC3D-83D9-4565-A5BE-0DF9DC8F71FB}.Release|Any CPU.ActiveCfg = Release|x64
		{15DEBC3D-83D9-4565-A5BE-0DF9DC8F71FB}.Release|Any CPU.Build.0 = Release|x64
		{15DEBC3D-83D9-4565-A5BE-0DF9DC8F71FB}.Release|x64.ActiveCfg = Release|x64
		{15DEBC3D-83D9-4565-A5BE-0DF9DC8F71FB}.Release|x64.Build.0 = Release|x64
		{15DEBC3D-83D9-4565-A5BE-0DF9DC8F71FB}.Release|x86.ActiveCfg = Release|x64
		{15DEBC3D-83D9-4565-A5BE-0DF9DC8F71FB}.Release|x86.Build.0 = Release|x64
		{468161AA-4146-429E-AFF4-811F616ADC49}.Debug|Any CPU.ActiveCfg = Debug|x64
		{468161AA-4146-429E-AFF4-811F616ADC49}.Debug|Any CPU.Build.0 = Debug|x64
		{468161AA-4146-429E-AFF4-811F616ADC49}.Debug|x64.ActiveCfg = Debug|x64
		{468161AA-4146-429E-AFF4-811F616ADC49}.Debug|x64.Build.0 = Debug|x64
		{468161AA-4146-429E-AFF4-811F616ADC49}.Debug|x86.ActiveCfg = Debug|x64
		{468161AA-4146-429E-AFF4-811F616ADC49}.Debug|x86.Build.0 = Debug|x64
		{468161AA-4146-429E-AFF4-811F616ADC49}.Release|Any CPU.ActiveCfg = Release|x64
		{468161AA-4146-429E-AFF4-811F616ADC49}.Release|Any CPU.Build.0 = Release|x64
		{468161AA-4146-429E-AFF4-811F616ADC49}.Release|x64.ActiveCfg = Release|x64
		{468161AA-4146-429E-AFF4-811F616ADC49}.Release|x64.Build.0 = Release|x64
		{468161AA-4146-429E-AFF4-811F616ADC49}.Release|x86.ActiveCfg = Release|x64
		{468161AA-4146-429E-AFF4-811F616ADC49}.Release|x86.Build.0 = Release|x64
		{71B7304D-E60B-4F1C-8EE0-356819EA11EC}.Debug|Any CPU.ActiveCfg = Debug|x64
		{71B7304D-E60B-4F1C-8EE0-356819EA11EC}.Debug|Any CPU.Build.0 = Debug|x64
		{71B7304D-E60B-4F1C-8EE0-356819EA11EC}.Debug|x64.ActiveCfg = Debug|x64
		{71B7304D-E60B-4F1C-8EE0-356819EA11EC}.Debug|x64.Build.0 = Debug|x64
		{71B7304D-E60B-4F1C-8EE0-356819EA11EC}.Debug|x86.ActiveCfg = Debug|x64
		{71B7304D-E60B-4F1C-8EE0-356819EA11EC}.Debug|x86.Build.0 = Debug|x64
		{71B7304D-E60B-4F1C-8EE0-356819EA11EC}.Release|Any CPU.ActiveCfg = Release|x64
		{71B7304D-E60B-4F1C-8EE0-356819EA11EC}.Release|Any CPU.Build.0 = Release|x64
		{71B7304D-E60B-4F1C-8EE0-356819EA11EC}.Release|x64.ActiveCfg = Release|x64
		{71B7304D-E60B-4F1C-8EE0-356819EA11EC}.Release|x64.Build.0 = Release|x64
		{71B7304D-E60B-4F1C-8EE0-356819EA11EC}.Release|x86.ActiveCfg = Release|x64
		{71B7304D-E60B-4F1C-8EE0-356819EA11EC}.Release|x86.Build.0 = Release|x64
	EndGlobalSection
	GlobalSection(SolutionProperties) = preSolution
		HideSolutionNode = FALSE
	EndGlobalSection
	GlobalSection(NestedProjects) = preSolution
		{C92B2565-E50B-463F-A97B-20FB8E12E674} = {827E0CD3-B72D-47B6-A68D-7590B98EB39B}
		{9581A974-3264-45BC-B1DA-6DFD24F0A738} = {827E0CD3-B72D-47B6-A68D-7590B98EB39B}
		{E3F54534-BB07-4CCD-BF31-37541B755A19} = {827E0CD3-B72D-47B6-A68D-7590B98EB39B}
		{67FE0640-3AB2-4281-A411-9D81611D8E0E} = {827E0CD3-B72D-47B6-A68D-7590B98EB39B}
		{15DEBC3D-83D9-4565-A5BE-0DF9DC8F71FB} = {827E0CD3-B72D-47B6-A68D-7590B98EB39B}
		{468161AA-4146-429E-AFF4-811F616ADC49} = {827E0CD3-B72D-47B6-A68D-7590B98EB39B}
		{71B7304D-E60B-4F1C-8EE0-356819EA11EC} = {0AB3BF05-4346-4AA6-1389-037BE0695223}
	EndGlobalSection
EndGlobal
